
Microsoft Visual Studio Solution File, Format Version 12.00
# Visual Studio Version 17
VisualStudioVersion = 17.13.35617.110
MinimumVisualStudioVersion = 10.0.40219.1
Project("{FAE04EC0-301F-11D3-BF4B-00C04F79EFBC}") = "CSharpKomplett", "CSharpKomplett\CSharpKomplett.csproj", "{46489686-BE18-46A2-B3DC-BF90F8934096}"
EndProject
Project("{FAE04EC0-301F-11D3-BF4B-00C04F79EFBC}") = "IfElseSwitch", "IfElseSwitch\IfElseSwitch.csproj", "{D3C49094-232B-4C72-B456-B70FFB369BD1}"
EndProject
Project("{2150E333-8FDC-42A3-9474-1A3956D46DE8}") = "01_Introduction", "01_Introduction", "{02EA681E-C7D8-13C7-8484-4AC65E1B71E8}"
EndProject
Project("{2150E333-8FDC-42A3-9474-1A3956D46DE8}") = "02_IFSwitchCase", "02_IFSwitchCase", "{7822F89F-DA2E-4195-94DB-6D5BF88CFDFB}"
EndProject
Project("{2150E333-8FDC-42A3-9474-1A3956D46DE8}") = "03_Loops", "03_Loops", "{23DE999C-4591-4A1D-B1B9-FA7AF0305A0D}"
EndProject
Project("{2150E333-8FDC-42A3-9474-1A3956D46DE8}") = "04_Collections", "04_Collections", "{2E1EF996-395E-4928-9BB5-0D351608050B}"
EndProject
Project("{2150E333-8FDC-42A3-9474-1A3956D46DE8}") = "05_Methods", "05_Methods", "{EF1FE0EE-7CA6-4B31-8DFF-AAA57B29759C}"
EndProject
Project("{2150E333-8FDC-42A3-9474-1A3956D46DE8}") = "06_Classes", "06_Classes", "{6D5F2F1D-F3DA-4D99-8C69-044537175D5F}"
EndProject
Project("{2150E333-8FDC-42A3-9474-1A3956D46DE8}") = "07_WPF", "07_WPF", "{FA4BB4C2-BB63-4FDC-9F30-CB991DD6545C}"
EndProject
Project("{FAE04EC0-301F-11D3-BF4B-00C04F79EFBC}") = "AllLoops", "AllLoops\AllLoops.csproj", "{A91A5AEC-F7E5-4874-89F1-04F24F5A2790}"
EndProject
Project("{FAE04EC0-301F-11D3-BF4B-00C04F79EFBC}") = "Collections", "Collections\Collections.csproj", "{6FC953CF-6A09-468F-88D0-6DD1ECE260FC}"
EndProject
Project("{FAE04EC0-301F-11D3-BF4B-00C04F79EFBC}") = "Dictionary", "Dictionary\Dictionary.csproj", "{8A8D16A1-6191-45AE-BD6E-FC16D98CDCC8}"
EndProject
Project("{FAE04EC0-301F-11D3-BF4B-00C04F79EFBC}") = "Methods", "Methods\Methods.csproj", "{E7D78BB7-2C77-4750-A464-B30AABA63BF0}"
EndProject
Project("{FAE04EC0-301F-11D3-BF4B-00C04F79EFBC}") = "Classes", "Classes\Classes.csproj", "{1C060824-780E-4464-ADE7-09443F06C332}"
EndProject
Project("{FAE04EC0-301F-11D3-BF4B-00C04F79EFBC}") = "CrmService", "CrmService\CrmService.csproj", "{AB47BA5F-85D5-4846-B7B9-EE4428FB1FBE}"
EndProject
Project("{FAE04EC0-301F-11D3-BF4B-00C04F79EFBC}") = "TreeWalk", "TreeWalk\TreeWalk.csproj", "{42E154DA-8BF7-4D29-A345-17BB358B92A2}"
EndProject
Project("{FAE04EC0-301F-11D3-BF4B-00C04F79EFBC}") = "StaticClass", "StaticClass\StaticClass.csproj", "{AE483CED-80D2-42C3-9E75-ED16449D0C0B}"
EndProject
Project("{FAE04EC0-301F-11D3-BF4B-00C04F79EFBC}") = "Operators", "Operators\Operators.csproj", "{A068A3BF-E62D-41E7-BECD-A7CEBBCB64C2}"
EndProject
Project("{FAE04EC0-301F-11D3-BF4B-00C04F79EFBC}") = "Inheritance", "Inheritance\Inheritance.csproj", "{2164C49E-1C51-459D-92B7-0FD01F20F243}"
EndProject
Project("{FAE04EC0-301F-11D3-BF4B-00C04F79EFBC}") = "Animals", "Geometries\Animals.csproj", "{0F2A4EBA-4124-4EA6-B215-42D35B52F7A2}"
EndProject
Project("{FAE04EC0-301F-11D3-BF4B-00C04F79EFBC}") = "GeometryCollection", "GeometryCollection\GeometryCollection.csproj", "{AAE92F5A-5232-49D6-BC19-C88D005A35C3}"
EndProject
Project("{FAE04EC0-301F-11D3-BF4B-00C04F79EFBC}") = "MyFistWpfApp", "MyFistWpfApp\MyFistWpfApp.csproj", "{5959E082-2702-4DCC-9E55-CBD06FAA03ED}"
EndProject
Project("{FAE04EC0-301F-11D3-BF4B-00C04F79EFBC}") = "MVVM", "MVVM\MVVM.csproj", "{4E7F18A5-52D5-4E75-9EC7-3422D8A3EA94}"
EndProject
Project("{FAE04EC0-301F-11D3-BF4B-00C04F79EFBC}") = "MvvmUi", "MvvmUi\MvvmUi.csproj", "{F52BD32A-1430-4CCC-B5DD-B44AB139C69C}"
EndProject
Project("{FAE04EC0-301F-11D3-BF4B-00C04F79EFBC}") = "Canvas", "Canvas\Canvas.csproj", "{EAF69851-8EFF-4BFB-BF5E-0EF4F4A441C8}"
EndProject
Project("{FAE04EC0-301F-11D3-BF4B-00C04F79EFBC}") = "DynamicRectangleAdd", "DynamicRectangleAdd\DynamicRectangleAdd.csproj", "{B3BDC73D-6356-4F6F-8144-0C59445F1728}"
EndProject
Project("{FAE04EC0-301F-11D3-BF4B-00C04F79EFBC}") = "HelixToolkit", "HelixToolkit\HelixToolkit.csproj", "{6700EADB-3EC3-4FB5-91B0-C603AAACCB62}"
EndProject
Project("{2150E333-8FDC-42A3-9474-1A3956D46DE8}") = "08_Integration", "08_Integration", "{689B3435-91A9-49BF-A4AA-D96BC0BC496F}"
EndProject
Project("{FAE04EC0-301F-11D3-BF4B-00C04F79EFBC}") = "Core.Interfaces", "Core.Interfaces\Core.Interfaces.csproj", "{C72CF43A-5FDE-4C5A-8179-52728E45C471}"
EndProject
Project("{FAE04EC0-301F-11D3-BF4B-00C04F79EFBC}") = "Core.Interfaces.ImplA", "Core.Interfaces.ImplA\Core.Interfaces.ImplA.csproj", "{B6DAB6FD-2A9C-4147-AAE9-06DEA6E4324E}"
EndProject
Project("{FAE04EC0-301F-11D3-BF4B-00C04F79EFBC}") = "Core.Interfaces.ImplB", "Core.Interfaces.ImplB\Core.Interfaces.ImplB.csproj", "{330989D9-7023-4864-AF34-FF3B34F7D488}"
EndProject
Project("{FAE04EC0-301F-11D3-BF4B-00C04F79EFBC}") = "Common.Utils", "Core.Utils\Common.Utils.csproj", "{762020AA-AF0B-4587-AB2B-D9E17DF4AE14}"
EndProject
Project("{FAE04EC0-301F-11D3-BF4B-00C04F79EFBC}") = "Core", "Core\Core.csproj", "{19B734EF-486D-40AC-9038-D263D0B8EA5D}"
EndProject
Project("{FAE04EC0-301F-11D3-BF4B-00C04F79EFBC}") = "TestApp", "Core.App\TestApp.csproj", "{D1A64BFD-510A-4376-AF3B-99F56FB53E69}"
EndProject
Global
	GlobalSection(SolutionConfigurationPlatforms) = preSolution
		Debug|Any CPU = Debug|Any CPU
		Release|Any CPU = Release|Any CPU
	EndGlobalSection
	GlobalSection(ProjectConfigurationPlatforms) = postSolution
		{46489686-BE18-46A2-B3DC-BF90F8934096}.Debug|Any CPU.ActiveCfg = Debug|Any CPU
		{46489686-BE18-46A2-B3DC-BF90F8934096}.Debug|Any CPU.Build.0 = Debug|Any CPU
		{46489686-BE18-46A2-B3DC-BF90F8934096}.Release|Any CPU.ActiveCfg = Release|Any CPU
		{46489686-BE18-46A2-B3DC-BF90F8934096}.Release|Any CPU.Build.0 = Release|Any CPU
		{D3C49094-232B-4C72-B456-B70FFB369BD1}.Debug|Any CPU.ActiveCfg = Debug|Any CPU
		{D3C49094-232B-4C72-B456-B70FFB369BD1}.Debug|Any CPU.Build.0 = Debug|Any CPU
		{D3C49094-232B-4C72-B456-B70FFB369BD1}.Release|Any CPU.ActiveCfg = Release|Any CPU
		{D3C49094-232B-4C72-B456-B70FFB369BD1}.Release|Any CPU.Build.0 = Release|Any CPU
		{A91A5AEC-F7E5-4874-89F1-04F24F5A2790}.Debug|Any CPU.ActiveCfg = Debug|Any CPU
		{A91A5AEC-F7E5-4874-89F1-04F24F5A2790}.Debug|Any CPU.Build.0 = Debug|Any CPU
		{A91A5AEC-F7E5-4874-89F1-04F24F5A2790}.Release|Any CPU.ActiveCfg = Release|Any CPU
		{A91A5AEC-F7E5-4874-89F1-04F24F5A2790}.Release|Any CPU.Build.0 = Release|Any CPU
		{6FC953CF-6A09-468F-88D0-6DD1ECE260FC}.Debug|Any CPU.ActiveCfg = Debug|Any CPU
		{6FC953CF-6A09-468F-88D0-6DD1ECE260FC}.Debug|Any CPU.Build.0 = Debug|Any CPU
		{6FC953CF-6A09-468F-88D0-6DD1ECE260FC}.Release|Any CPU.ActiveCfg = Release|Any CPU
		{6FC953CF-6A09-468F-88D0-6DD1ECE260FC}.Release|Any CPU.Build.0 = Release|Any CPU
		{8A8D16A1-6191-45AE-BD6E-FC16D98CDCC8}.Debug|Any CPU.ActiveCfg = Debug|Any CPU
		{8A8D16A1-6191-45AE-BD6E-FC16D98CDCC8}.Debug|Any CPU.Build.0 = Debug|Any CPU
		{8A8D16A1-6191-45AE-BD6E-FC16D98CDCC8}.Release|Any CPU.ActiveCfg = Release|Any CPU
		{8A8D16A1-6191-45AE-BD6E-FC16D98CDCC8}.Release|Any CPU.Build.0 = Release|Any CPU
		{E7D78BB7-2C77-4750-A464-B30AABA63BF0}.Debug|Any CPU.ActiveCfg = Debug|Any CPU
		{E7D78BB7-2C77-4750-A464-B30AABA63BF0}.Debug|Any CPU.Build.0 = Debug|Any CPU
		{E7D78BB7-2C77-4750-A464-B30AABA63BF0}.Release|Any CPU.ActiveCfg = Release|Any CPU
		{E7D78BB7-2C77-4750-A464-B30AABA63BF0}.Release|Any CPU.Build.0 = Release|Any CPU
		{1C060824-780E-4464-ADE7-09443F06C332}.Debug|Any CPU.ActiveCfg = Debug|Any CPU
		{1C060824-780E-4464-ADE7-09443F06C332}.Debug|Any CPU.Build.0 = Debug|Any CPU
		{1C060824-780E-4464-ADE7-09443F06C332}.Release|Any CPU.ActiveCfg = Release|Any CPU
		{1C060824-780E-4464-ADE7-09443F06C332}.Release|Any CPU.Build.0 = Release|Any CPU
		{AB47BA5F-85D5-4846-B7B9-EE4428FB1FBE}.Debug|Any CPU.ActiveCfg = Debug|Any CPU
		{AB47BA5F-85D5-4846-B7B9-EE4428FB1FBE}.Debug|Any CPU.Build.0 = Debug|Any CPU
		{AB47BA5F-85D5-4846-B7B9-EE4428FB1FBE}.Release|Any CPU.ActiveCfg = Release|Any CPU
		{AB47BA5F-85D5-4846-B7B9-EE4428FB1FBE}.Release|Any CPU.Build.0 = Release|Any CPU
		{42E154DA-8BF7-4D29-A345-17BB358B92A2}.Debug|Any CPU.ActiveCfg = Debug|Any CPU
		{42E154DA-8BF7-4D29-A345-17BB358B92A2}.Debug|Any CPU.Build.0 = Debug|Any CPU
		{42E154DA-8BF7-4D29-A345-17BB358B92A2}.Release|Any CPU.ActiveCfg = Release|Any CPU
		{42E154DA-8BF7-4D29-A345-17BB358B92A2}.Release|Any CPU.Build.0 = Release|Any CPU
		{AE483CED-80D2-42C3-9E75-ED16449D0C0B}.Debug|Any CPU.ActiveCfg = Debug|Any CPU
		{AE483CED-80D2-42C3-9E75-ED16449D0C0B}.Debug|Any CPU.Build.0 = Debug|Any CPU
		{AE483CED-80D2-42C3-9E75-ED16449D0C0B}.Release|Any CPU.ActiveCfg = Release|Any CPU
		{AE483CED-80D2-42C3-9E75-ED16449D0C0B}.Release|Any CPU.Build.0 = Release|Any CPU
		{A068A3BF-E62D-41E7-BECD-A7CEBBCB64C2}.Debug|Any CPU.ActiveCfg = Debug|Any CPU
		{A068A3BF-E62D-41E7-BECD-A7CEBBCB64C2}.Debug|Any CPU.Build.0 = Debug|Any CPU
		{A068A3BF-E62D-41E7-BECD-A7CEBBCB64C2}.Release|Any CPU.ActiveCfg = Release|Any CPU
		{A068A3BF-E62D-41E7-BECD-A7CEBBCB64C2}.Release|Any CPU.Build.0 = Release|Any CPU
		{2164C49E-1C51-459D-92B7-0FD01F20F243}.Debug|Any CPU.ActiveCfg = Debug|Any CPU
		{2164C49E-1C51-459D-92B7-0FD01F20F243}.Debug|Any CPU.Build.0 = Debug|Any CPU
		{2164C49E-1C51-459D-92B7-0FD01F20F243}.Release|Any CPU.ActiveCfg = Release|Any CPU
		{2164C49E-1C51-459D-92B7-0FD01F20F243}.Release|Any CPU.Build.0 = Release|Any CPU
		{0F2A4EBA-4124-4EA6-B215-42D35B52F7A2}.Debug|Any CPU.ActiveCfg = Debug|Any CPU
		{0F2A4EBA-4124-4EA6-B215-42D35B52F7A2}.Debug|Any CPU.Build.0 = Debug|Any CPU
		{0F2A4EBA-4124-4EA6-B215-42D35B52F7A2}.Release|Any CPU.ActiveCfg = Release|Any CPU
		{0F2A4EBA-4124-4EA6-B215-42D35B52F7A2}.Release|Any CPU.Build.0 = Release|Any CPU
		{AAE92F5A-5232-49D6-BC19-C88D005A35C3}.Debug|Any CPU.ActiveCfg = Debug|Any CPU
		{AAE92F5A-5232-49D6-BC19-C88D005A35C3}.Debug|Any CPU.Build.0 = Debug|Any CPU
		{AAE92F5A-5232-49D6-BC19-C88D005A35C3}.Release|Any CPU.ActiveCfg = Release|Any CPU
		{AAE92F5A-5232-49D6-BC19-C88D005A35C3}.Release|Any CPU.Build.0 = Release|Any CPU
		{5959E082-2702-4DCC-9E55-CBD06FAA03ED}.Debug|Any CPU.ActiveCfg = Debug|Any CPU
		{5959E082-2702-4DCC-9E55-CBD06FAA03ED}.Debug|Any CPU.Build.0 = Debug|Any CPU
		{5959E082-2702-4DCC-9E55-CBD06FAA03ED}.Release|Any CPU.ActiveCfg = Release|Any CPU
		{5959E082-2702-4DCC-9E55-CBD06FAA03ED}.Release|Any CPU.Build.0 = Release|Any CPU
		{4E7F18A5-52D5-4E75-9EC7-3422D8A3EA94}.Debug|Any CPU.ActiveCfg = Debug|Any CPU
		{4E7F18A5-52D5-4E75-9EC7-3422D8A3EA94}.Debug|Any CPU.Build.0 = Debug|Any CPU
		{4E7F18A5-52D5-4E75-9EC7-3422D8A3EA94}.Release|Any CPU.ActiveCfg = Release|Any CPU
		{4E7F18A5-52D5-4E75-9EC7-3422D8A3EA94}.Release|Any CPU.Build.0 = Release|Any CPU
		{F52BD32A-1430-4CCC-B5DD-B44AB139C69C}.Debug|Any CPU.ActiveCfg = Debug|Any CPU
		{F52BD32A-1430-4CCC-B5DD-B44AB139C69C}.Debug|Any CPU.Build.0 = Debug|Any CPU
		{F52BD32A-1430-4CCC-B5DD-B44AB139C69C}.Release|Any CPU.ActiveCfg = Release|Any CPU
		{F52BD32A-1430-4CCC-B5DD-B44AB139C69C}.Release|Any CPU.Build.0 = Release|Any CPU
		{EAF69851-8EFF-4BFB-BF5E-0EF4F4A441C8}.Debug|Any CPU.ActiveCfg = Debug|Any CPU
		{EAF69851-8EFF-4BFB-BF5E-0EF4F4A441C8}.Debug|Any CPU.Build.0 = Debug|Any CPU
		{EAF69851-8EFF-4BFB-BF5E-0EF4F4A441C8}.Release|Any CPU.ActiveCfg = Release|Any CPU
		{EAF69851-8EFF-4BFB-BF5E-0EF4F4A441C8}.Release|Any CPU.Build.0 = Release|Any CPU
		{B3BDC73D-6356-4F6F-8144-0C59445F1728}.Debug|Any CPU.ActiveCfg = Debug|Any CPU
		{B3BDC73D-6356-4F6F-8144-0C59445F1728}.Debug|Any CPU.Build.0 = Debug|Any CPU
		{B3BDC73D-6356-4F6F-8144-0C59445F1728}.Release|Any CPU.ActiveCfg = Release|Any CPU
		{B3BDC73D-6356-4F6F-8144-0C59445F1728}.Release|Any CPU.Build.0 = Release|Any CPU
		{6700EADB-3EC3-4FB5-91B0-C603AAACCB62}.Debug|Any CPU.ActiveCfg = Debug|Any CPU
		{6700EADB-3EC3-4FB5-91B0-C603AAACCB62}.Debug|Any CPU.Build.0 = Debug|Any CPU
		{6700EADB-3EC3-4FB5-91B0-C603AAACCB62}.Release|Any CPU.ActiveCfg = Release|Any CPU
		{6700EADB-3EC3-4FB5-91B0-C603AAACCB62}.Release|Any CPU.Build.0 = Release|Any CPU
		{C72CF43A-5FDE-4C5A-8179-52728E45C471}.Debug|Any CPU.ActiveCfg = Debug|Any CPU
		{C72CF43A-5FDE-4C5A-8179-52728E45C471}.Debug|Any CPU.Build.0 = Debug|Any CPU
		{C72CF43A-5FDE-4C5A-8179-52728E45C471}.Release|Any CPU.ActiveCfg = Release|Any CPU
		{C72CF43A-5FDE-4C5A-8179-52728E45C471}.Release|Any CPU.Build.0 = Release|Any CPU
		{B6DAB6FD-2A9C-4147-AAE9-06DEA6E4324E}.Debug|Any CPU.ActiveCfg = Debug|Any CPU
		{B6DAB6FD-2A9C-4147-AAE9-06DEA6E4324E}.Debug|Any CPU.Build.0 = Debug|Any CPU
		{B6DAB6FD-2A9C-4147-AAE9-06DEA6E4324E}.Release|Any CPU.ActiveCfg = Release|Any CPU
		{B6DAB6FD-2A9C-4147-AAE9-06DEA6E4324E}.Release|Any CPU.Build.0 = Release|Any CPU
		{330989D9-7023-4864-AF34-FF3B34F7D488}.Debug|Any CPU.ActiveCfg = Debug|Any CPU
		{330989D9-7023-4864-AF34-FF3B34F7D488}.Debug|Any CPU.Build.0 = Debug|Any CPU
		{330989D9-7023-4864-AF34-FF3B34F7D488}.Release|Any CPU.ActiveCfg = Release|Any CPU
		{330989D9-7023-4864-AF34-FF3B34F7D488}.Release|Any CPU.Build.0 = Release|Any CPU
		{762020AA-AF0B-4587-AB2B-D9E17DF4AE14}.Debug|Any CPU.ActiveCfg = Debug|Any CPU
		{762020AA-AF0B-4587-AB2B-D9E17DF4AE14}.Debug|Any CPU.Build.0 = Debug|Any CPU
		{762020AA-AF0B-4587-AB2B-D9E17DF4AE14}.Release|Any CPU.ActiveCfg = Release|Any CPU
		{762020AA-AF0B-4587-AB2B-D9E17DF4AE14}.Release|Any CPU.Build.0 = Release|Any CPU
		{19B734EF-486D-40AC-9038-D263D0B8EA5D}.Debug|Any CPU.ActiveCfg = Debug|Any CPU
		{19B734EF-486D-40AC-9038-D263D0B8EA5D}.Debug|Any CPU.Build.0 = Debug|Any CPU
		{19B734EF-486D-40AC-9038-D263D0B8EA5D}.Release|Any CPU.ActiveCfg = Release|Any CPU
		{19B734EF-486D-40AC-9038-D263D0B8EA5D}.Release|Any CPU.Build.0 = Release|Any CPU
		{D1A64BFD-510A-4376-AF3B-99F56FB53E69}.Debug|Any CPU.ActiveCfg = Debug|Any CPU
		{D1A64BFD-510A-4376-AF3B-99F56FB53E69}.Debug|Any CPU.Build.0 = Debug|Any CPU
		{D1A64BFD-510A-4376-AF3B-99F56FB53E69}.Release|Any CPU.ActiveCfg = Release|Any CPU
		{D1A64BFD-510A-4376-AF3B-99F56FB53E69}.Release|Any CPU.Build.0 = Release|Any CPU
	EndGlobalSection
	GlobalSection(SolutionProperties) = preSolution
		HideSolutionNode = FALSE
	EndGlobalSection
	GlobalSection(NestedProjects) = preSolution
		{46489686-BE18-46A2-B3DC-BF90F8934096} = {02EA681E-C7D8-13C7-8484-4AC65E1B71E8}
		{D3C49094-232B-4C72-B456-B70FFB369BD1} = {7822F89F-DA2E-4195-94DB-6D5BF88CFDFB}
		{A91A5AEC-F7E5-4874-89F1-04F24F5A2790} = {23DE999C-4591-4A1D-B1B9-FA7AF0305A0D}
		{6FC953CF-6A09-468F-88D0-6DD1ECE260FC} = {2E1EF996-395E-4928-9BB5-0D351608050B}
		{8A8D16A1-6191-45AE-BD6E-FC16D98CDCC8} = {2E1EF996-395E-4928-9BB5-0D351608050B}
		{E7D78BB7-2C77-4750-A464-B30AABA63BF0} = {EF1FE0EE-7CA6-4B31-8DFF-AAA57B29759C}
		{1C060824-780E-4464-ADE7-09443F06C332} = {6D5F2F1D-F3DA-4D99-8C69-044537175D5F}
		{AB47BA5F-85D5-4846-B7B9-EE4428FB1FBE} = {6D5F2F1D-F3DA-4D99-8C69-044537175D5F}
		{42E154DA-8BF7-4D29-A345-17BB358B92A2} = {6D5F2F1D-F3DA-4D99-8C69-044537175D5F}
		{AE483CED-80D2-42C3-9E75-ED16449D0C0B} = {6D5F2F1D-F3DA-4D99-8C69-044537175D5F}
		{A068A3BF-E62D-41E7-BECD-A7CEBBCB64C2} = {6D5F2F1D-F3DA-4D99-8C69-044537175D5F}
		{2164C49E-1C51-459D-92B7-0FD01F20F243} = {6D5F2F1D-F3DA-4D99-8C69-044537175D5F}
		{0F2A4EBA-4124-4EA6-B215-42D35B52F7A2} = {6D5F2F1D-F3DA-4D99-8C69-044537175D5F}
		{AAE92F5A-5232-49D6-BC19-C88D005A35C3} = {6D5F2F1D-F3DA-4D99-8C69-044537175D5F}
		{5959E082-2702-4DCC-9E55-CBD06FAA03ED} = {FA4BB4C2-BB63-4FDC-9F30-CB991DD6545C}
		{4E7F18A5-52D5-4E75-9EC7-3422D8A3EA94} = {FA4BB4C2-BB63-4FDC-9F30-CB991DD6545C}
		{F52BD32A-1430-4CCC-B5DD-B44AB139C69C} = {FA4BB4C2-BB63-4FDC-9F30-CB991DD6545C}
		{EAF69851-8EFF-4BFB-BF5E-0EF4F4A441C8} = {FA4BB4C2-BB63-4FDC-9F30-CB991DD6545C}
		{B3BDC73D-6356-4F6F-8144-0C59445F1728} = {FA4BB4C2-BB63-4FDC-9F30-CB991DD6545C}
		{6700EADB-3EC3-4FB5-91B0-C603AAACCB62} = {FA4BB4C2-BB63-4FDC-9F30-CB991DD6545C}
		{C72CF43A-5FDE-4C5A-8179-52728E45C471} = {689B3435-91A9-49BF-A4AA-D96BC0BC496F}
		{B6DAB6FD-2A9C-4147-AAE9-06DEA6E4324E} = {689B3435-91A9-49BF-A4AA-D96BC0BC496F}
		{330989D9-7023-4864-AF34-FF3B34F7D488} = {689B3435-91A9-49BF-A4AA-D96BC0BC496F}
		{762020AA-AF0B-4587-AB2B-D9E17DF4AE14} = {689B3435-91A9-49BF-A4AA-D96BC0BC496F}
		{19B734EF-486D-40AC-9038-D263D0B8EA5D} = {689B3435-91A9-49BF-A4AA-D96BC0BC496F}
		{D1A64BFD-510A-4376-AF3B-99F56FB53E69} = {689B3435-91A9-49BF-A4AA-D96BC0BC496F}
	EndGlobalSection
	GlobalSection(ExtensibilityGlobals) = postSolution
		SolutionGuid = {F2BE65CF-52E9-4732-91F1-7E641F5E0721}
	EndGlobalSection
EndGlobal
